// !$*UTF8*$!
{
	archiveVersion = 1;
	classes = {
	};
	objectVersion = 46;
	objects = {

/* Begin PBXBuildFile section */
		2829F9031CEF60E4005BE783 /* AppDelegate.swift in Sources */ = {isa = PBXBuildFile; fileRef = 2829F9021CEF60E4005BE783 /* AppDelegate.swift */; };
		2829F9051CEF60E4005BE783 /* ViewController.swift in Sources */ = {isa = PBXBuildFile; fileRef = 2829F9041CEF60E4005BE783 /* ViewController.swift */; };
		2829F9081CEF60E4005BE783 /* Main.storyboard in Resources */ = {isa = PBXBuildFile; fileRef = 2829F9061CEF60E4005BE783 /* Main.storyboard */; };
		2829F90A1CEF60E4005BE783 /* Assets.xcassets in Resources */ = {isa = PBXBuildFile; fileRef = 2829F9091CEF60E4005BE783 /* Assets.xcassets */; };
		2829F90D1CEF60E4005BE783 /* LaunchScreen.storyboard in Resources */ = {isa = PBXBuildFile; fileRef = 2829F90B1CEF60E4005BE783 /* LaunchScreen.storyboard */; };
		2829F9171CF06B88005BE783 /* udon3.png in Resources */ = {isa = PBXBuildFile; fileRef = 2829F9141CF06B88005BE783 /* udon3.png */; };
		2829F9181CF06B88005BE783 /* udon1.png in Resources */ = {isa = PBXBuildFile; fileRef = 2829F9151CF06B88005BE783 /* udon1.png */; };
		2829F9191CF06B88005BE783 /* udon2.png in Resources */ = {isa = PBXBuildFile; fileRef = 2829F9161CF06B88005BE783 /* udon2.png */; };
		2829F91B1CF06FEB005BE783 /* ZoomViewController.swift in Sources */ = {isa = PBXBuildFile; fileRef = 2829F91A1CF06FEB005BE783 /* ZoomViewController.swift */; };
/* End PBXBuildFile section */

/* Begin PBXFileReference section */
		2829F8FF1CEF60E4005BE783 /* SlideshowApp.app */ = {isa = PBXFileReference; explicitFileType = wrapper.application; includeInIndex = 0; path = SlideshowApp.app; sourceTree = BUILT_PRODUCTS_DIR; };
		2829F9021CEF60E4005BE783 /* AppDelegate.swift */ = {isa = PBXFileReference; lastKnownFileType = sourcecode.swift; path = AppDelegate.swift; sourceTree = "<group>"; };
		2829F9041CEF60E4005BE783 /* ViewController.swift */ = {isa = PBXFileReference; lastKnownFileType = sourcecode.swift; path = ViewController.swift; sourceTree = "<group>"; };
		2829F9071CEF60E4005BE783 /* Base */ = {isa = PBXFileReference; lastKnownFileType = file.storyboard; name = Base; path = Base.lproj/Main.storyboard; sourceTree = "<group>"; };
		2829F9091CEF60E4005BE783 /* Assets.xcassets */ = {isa = PBXFileReference; lastKnownFileType = folder.assetcatalog; path = Assets.xcassets; sourceTree = "<group>"; };
		2829F90C1CEF60E4005BE783 /* Base */ = {isa = PBXFileReference; lastKnownFileType = file.storyboard; name = Base; path = Base.lproj/LaunchScreen.storyboard; sourceTree = "<group>"; };
		2829F90E1CEF60E4005BE783 /* Info.plist */ = {isa = PBXFileReference; lastKnownFileType = text.plist.xml; path = Info.plist; sourceTree = "<group>"; };
		2829F9141CF06B88005BE783 /* udon3.png */ = {isa = PBXFileReference; lastKnownFileType = image.png; name = udon3.png; path = ../udon3.png; sourceTree = "<group>"; };
		2829F9151CF06B88005BE783 /* udon1.png */ = {isa = PBXFileReference; lastKnownFileType = image.png; name = udon1.png; path = ../udon1.png; sourceTree = "<group>"; };
		2829F9161CF06B88005BE783 /* udon2.png */ = {isa = PBXFileReference; lastKnownFileType = image.png; name = udon2.png; path = ../udon2.png; sourceTree = "<group>"; };
		2829F91A1CF06FEB005BE783 /* ZoomViewController.swift */ = {isa = PBXFileReference; fileEncoding = 4; lastKnownFileType = sourcecode.swift; path = ZoomViewController.swift; sourceTree = "<group>"; };
/* End PBXFileReference section */

/* Begin PBXFrameworksBuildPhase section */
		2829F8FC1CEF60E4005BE783 /* Frameworks */ = {
			isa = PBXFrameworksBuildPhase;
			buildActionMask = 2147483647;
			files = (
			);
			runOnlyForDeploymentPostprocessing = 0;
		};
/* End PBXFrameworksBuildPhase section */

/* Begin PBXGroup section */
		2829F8F61CEF60E4005BE783 = {
			isa = PBXGroup;
			children = (
				2829F9011CEF60E4005BE783 /* SlideshowApp */,
				2829F9001CEF60E4005BE783 /* Products */,
			);
			sourceTree = "<group>";
		};
		2829F9001CEF60E4005BE783 /* Products */ = {
			isa = PBXGroup;
			children = (
				2829F8FF1CEF60E4005BE783 /* SlideshowApp.app */,
			);
			name = Products;
			sourceTree = "<group>";
		};
		2829F9011CEF60E4005BE783 /* SlideshowApp */ = {
			isa = PBXGroup;
			children = (
				2829F9021CEF60E4005BE783 /* AppDelegate.swift */,
				2829F9041CEF60E4005BE783 /* ViewController.swift */,
				2829F9061CEF60E4005BE783 /* Main.storyboard */,
				2829F91A1CF06FEB005BE783 /* ZoomViewController.swift */,
				2829F9091CEF60E4005BE783 /* Assets.xcassets */,
				2829F90B1CEF60E4005BE783 /* LaunchScreen.storyboard */,
				2829F90E1CEF60E4005BE783 /* Info.plist */,
				2829F9141CF06B88005BE783 /* udon3.png */,
				2829F9151CF06B88005BE783 /* udon1.png */,
				2829F9161CF06B88005BE783 /* udon2.png */,
			);
			path = SlideshowApp;
			sourceTree = "<group>";
		};
/* End PBXGroup section */

/* Begin PBXNativeTarget section */
		2829F8FE1CEF60E4005BE783 /* SlideshowApp */ = {
			isa = PBXNativeTarget;
			buildConfigurationList = 2829F9111CEF60E4005BE783 /* Build configuration list for PBXNativeTarget "SlideshowApp" */;
			buildPhases = (
				2829F8FB1CEF60E4005BE783 /* Sources */,
				2829F8FC1CEF60E4005BE783 /* Frameworks */,
				2829F8FD1CEF60E4005BE783 /* Resources */,
			);
			buildRules = (
			);
			dependencies = (
			);
			name = SlideshowApp;
			productName = SlideshowApp;
			productReference = 2829F8FF1CEF60E4005BE783 /* SlideshowApp.app */;
			productType = "com.apple.product-type.application";
		};
/* End PBXNativeTarget section */

/* Begin PBXProject section */
		2829F8F71CEF60E4005BE783 /* Project object */ = {
			isa = PBXProject;
			attributes = {
				KnownAssetTags = (
					1,
					2,
					3,
				);
				LastSwiftUpdateCheck = 0730;
				LastUpgradeCheck = 0730;
				ORGANIZATIONNAME = kenshiro.yamasaki;
				TargetAttributes = {
					2829F8FE1CEF60E4005BE783 = {
						CreatedOnToolsVersion = 7.3.1;
					};
				};
			};
			buildConfigurationList = 2829F8FA1CEF60E4005BE783 /* Build configuration list for PBXProject "SlideshowApp" */;
			compatibilityVersion = "Xcode 3.2";
			developmentRegion = English;
			hasScannedForEncodings = 0;
			knownRegions = (
				en,
				Base,
			);
			mainGroup = 2829F8F61CEF60E4005BE783;
			productRefGroup = 2829F9001CEF60E4005BE783 /* Products */;
			projectDirPath = "";
			projectRoot = "";
			targets = (
				2829F8FE1CEF60E4005BE783 /* SlideshowApp */,
			);
		};
/* End PBXProject section */

/* Begin PBXResourcesBuildPhase section */
		2829F8FD1CEF60E4005BE783 /* Resources */ = {
			isa = PBXResourcesBuildPhase;
			buildActionMask = 2147483647;
			files = (
				2829F9191CF06B88005BE783 /* udon2.png in Resources */,
				2829F9181CF06B88005BE783 /* udon1.png in Resources */,
				2829F90D1CEF60E4005BE783 /* LaunchScreen.storyboard in Resources */,
				2829F9171CF06B88005BE783 /* udon3.png in Resources */,
				2829F90A1CEF60E4005BE783 /* Assets.xcassets in Resources */,
				2829F9081CEF60E4005BE783 /* Main.storyboard in Resources */,
			);
			runOnlyForDeploymentPostprocessing = 0;
		};
/* End PBXResourcesBuildPhase section */

/* Begin PBXSourcesBuildPhase section */
		2829F8FB1CEF60E4005BE783 /* Sources */ = {
			isa = PBXSourcesBuildPhase;
			buildActionMask = 2147483647;
			files = (
				2829F9051CEF60E4005BE783 /* ViewController.swift in Sources */,
				2829F91B1CF06FEB005BE783 /* ZoomViewController.swift in Sources */,
				2829F9031CEF60E4005BE783 /* AppDelegate.swift in Sources */,
			);
			runOnlyForDeploymentPostprocessing = 0;
		};
/* End PBXSourcesBuildPhase section */

/* Begin PBXVariantGroup section */
		2829F9061CEF60E4005BE783 /* Main.storyboard */ = {
			isa = PBXVariantGroup;
			children = (
				2829F9071CEF60E4005BE783 /* Base */,
			);
			name = Main.storyboard;
			sourceTree = "<group>";
		};
		2829F90B1CEF60E4005BE783 /* LaunchScreen.storyboard */ = {
			isa = PBXVariantGroup;
			children = (
				2829F90C1CEF60E4005BE783 /* Base */,
			);
			name = LaunchScreen.storyboard;
			sourceTree = "<group>";
		};
/* End PBXVariantGroup section */

/* Begin XCBuildConfiguration section */
		2829F90F1CEF60E4005BE783 /* Debug */ = {
			isa = XCBuildConfiguration;
			buildSettings = {
				ALWAYS_SEARCH_USER_PATHS = NO;
				CLANG_ANALYZER_NONNULL = YES;
				CLANG_CXX_LANGUAGE_STANDARD = "gnu++0x";
				CLANG_CXX_LIBRARY = "libc++";
				CLANG_ENABLE_MODULES = YES;
				CLANG_ENABLE_OBJC_ARC = YES;
				CLANG_WARN_BOOL_CONVERSION = YES;
				CLANG_WARN_CONSTANT_CONVERSION = YES;
				CLANG_WARN_DIRECT_OBJC_ISA_USAGE = YES_ERROR;
				CLANG_WARN_EMPTY_BODY = YES;
				CLANG_WARN_ENUM_CONVERSION = YES;
				CLANG_WARN_INT_CONVERSION = YES;
				CLANG_WARN_OBJC_ROOT_CLASS = YES_ERROR;
				CLANG_WARN_UNREACHABLE_CODE = YES;
				CLANG_WARN__DUPLICATE_METHOD_MATCH = YES;
				"CODE_SIGN_IDENTITY[sdk=iphoneos*]" = "iPhone Developer";
				COPY_PHASE_STRIP = NO;
				DEBUG_INFORMATION_FORMAT = dwarf;
				ENABLE_STRICT_OBJC_MSGSEND = YES;
				ENABLE_TESTABILITY = YES;
				GCC_C_LANGUAGE_STANDARD = gnu99;
				GCC_DYNAMIC_NO_PIC = NO;
				GCC_NO_COMMON_BLOCKS = YES;
				GCC_OPTIMIZATION_LEVEL = 0;
				GCC_PREPROCESSOR_DEFINITIONS = (
					"DEBUG=1",
					"$(inherited)",
				);
				GCC_WARN_64_TO_32_BIT_CONVERSION = YES;
				GCC_WARN_ABOUT_RETURN_TYPE = YES_ERROR;
				GCC_WARN_UNDECLARED_SELECTOR = YES;
				GCC_WARN_UNINITIALIZED_AUTOS = YES_AGGRESSIVE;
				GCC_WARN_UNUSED_FUNCTION = YES;
				GCC_WARN_UNUSED_VARIABLE = YES;
				IPHONEOS_DEPLOYMENT_TARGET = 9.3;
				MTL_ENABLE_DEBUG_INFO = YES;
				ONLY_ACTIVE_ARCH = YES;
				SDKROOT = iphoneos;
				SWIFT_OPTIMIZATION_LEVEL = "-Onone";
			};
			name = Debug;
		};
		2829F9101CEF60E4005BE783 /* Release */ = {
			isa = XCBuildConfiguration;
			buildSettings = {
				ALWAYS_SEARCH_USER_PATHS = NO;
				CLANG_ANALYZER_NONNULL = YES;
				CLANG_CXX_LANGUAGE_STANDARD = "gnu++0x";
				CLANG_CXX_LIBRARY = "libc++";
				CLANG_ENABLE_MODULES = YES;
				CLANG_ENABLE_OBJC_ARC = YES;
				CLANG_WARN_BOOL_CONVERSION = YES;
				CLANG_WARN_CONSTANT_CONVERSION = YES;
				CLANG_WARN_DIRECT_OBJC_ISA_USAGE = YES_ERROR;
				CLANG_WARN_EMPTY_BODY = YES;
				CLANG_WARN_ENUM_CONVERSION = YES;
				CLANG_WARN_INT_CONVERSION = YES;
				CLANG_WARN_OBJC_ROOT_CLASS = YES_ERROR;
				CLANG_WARN_UNREACHABLE_CODE = YES;
				CLANG_WARN__DUPLICATE_METHOD_MATCH = YES;
				"CODE_SIGN_IDENTITY[sdk=iphoneos*]" = "iPhone Developer";
				COPY_PHASE_STRIP = NO;
				DEBUG_INFORMATION_FORMAT = "dwarf-with-dsym";
				ENABLE_NS_ASSERTIONS = NO;
				ENABLE_STRICT_OBJC_MSGSEND = YES;
				GCC_C_LANGUAGE_STANDARD = gnu99;
				GCC_NO_COMMON_BLOCKS = YES;
				GCC_WARN_64_TO_32_BIT_CONVERSION = YES;
				GCC_WARN_ABOUT_RETURN_TYPE = YES_ERROR;
				GCC_WARN_UNDECLARED_SELECTOR = YES;
				GCC_WARN_UNINITIALIZED_AUTOS = YES_AGGRESSIVE;
				GCC_WARN_UNUSED_FUNCTION = YES;
				GCC_WARN_UNUSED_VARIABLE = YES;
				IPHONEOS_DEPLOYMENT_TARGET = 9.3;
				MTL_ENABLE_DEBUG_INFO = NO;
				SDKROOT = iphoneos;
				VALIDATE_PRODUCT = YES;
			};
			name = Release;
		};
		2829F9121CEF60E4005BE783 /* Debug */ = {
			isa = XCBuildConfiguration;
			buildSettings = {
				ASSETCATALOG_COMPILER_APPICON_NAME = AppIcon;
				INFOPLIST_FILE = SlideshowApp/Info.plist;
				LD_RUNPATH_SEARCH_PATHS = "$(inherited) @executable_path/Frameworks";
				PRODUCT_BUNDLE_IDENTIFIER = jp.techacademy.kenshiro.yamasaki.SlideshowApp;
				PRODUCT_NAME = "$(TARGET_NAME)";
			};
			name = Debug;
		};
		2829F9131CEF60E4005BE783 /* Release */ = {
			isa = XCBuildConfiguration;
			buildSettings = {
				ASSETCATALOG_COMPILER_APPICON_NAME = AppIcon;
				INFOPLIST_FILE = SlideshowApp/Info.plist;
				LD_RUNPATH_SEARCH_PATHS = "$(inherited) @executable_path/Frameworks";
				PRODUCT_BUNDLE_IDENTIFIER = jp.techacademy.kenshiro.yamasaki.SlideshowApp;
				PRODUCT_NAME = "$(TARGET_NAME)";
			};
			name = Release;
		};
/* End XCBuildConfiguration section */

/* Begin XCConfigurationList section */
		2829F8FA1CEF60E4005BE783 /* Build configuration list for PBXProject "SlideshowApp" */ = {
			isa = XCConfigurationList;
			buildConfigurations = (
				2829F90F1CEF60E4005BE783 /* Debug */,
				2829F9101CEF60E4005BE783 /* Release */,
			);
			defaultConfigurationIsVisible = 0;
			defaultConfigurationName = Release;
		};
		2829F9111CEF60E4005BE783 /* Build configuration list for PBXNativeTarget "SlideshowApp" */ = {
			isa = XCConfigurationList;
			buildConfigurations = (
				2829F9121CEF60E4005BE783 /* Debug */,
				2829F9131CEF60E4005BE783 /* Release */,
			);
			defaultConfigurationIsVisible = 0;
		};
/* End XCConfigurationList section */
	};
	rootObject = 2829F8F71CEF60E4005BE783 /* Project object */;
}
